# THIS IS AN AUTOGENERATED FILE. DO NOT EDIT THIS FILE DIRECTLY.
# yarn lockfile v1


"@zbd/node@^0.6.3":
  version "0.6.3"
  resolved "https://registry.yarnpkg.com/@zbd/node/-/node-0.6.3.tgz#4abffeca551e0cfa0a0f5ef97c360db8ded0d9c2"
  integrity sha512-pKt8f6cJZ7HlbBHtJRXgMOfmp9M1WNIhZtSxuV80zEhZOf+VNVlI3w+cvi0JsHpfK/7lCJEejENs9GjU/SN/9Q==
